// !$*UTF8*$!
{
	archiveVersion = 1;
	classes = {
	};
	objectVersion = 50;
	objects = {

/* Begin PBXBuildFile section */
		4706DF3D2188EFC400F60DB2 /* AppDelegate.m in Sources */ = {isa = PBXBuildFile; fileRef = 4706DF3C2188EFC400F60DB2 /* AppDelegate.m */; };
		4706DF432188EFC400F60DB2 /* Main.storyboard in Resources */ = {isa = PBXBuildFile; fileRef = 4706DF412188EFC400F60DB2 /* Main.storyboard */; };
		4706DF452188EFC500F60DB2 /* Assets.xcassets in Resources */ = {isa = PBXBuildFile; fileRef = 4706DF442188EFC500F60DB2 /* Assets.xcassets */; };
		4706DF482188EFC500F60DB2 /* LaunchScreen.storyboard in Resources */ = {isa = PBXBuildFile; fileRef = 4706DF462188EFC500F60DB2 /* LaunchScreen.storyboard */; };
		4706DF4B2188EFC500F60DB2 /* main.m in Sources */ = {isa = PBXBuildFile; fileRef = 4706DF4A2188EFC500F60DB2 /* main.m */; };
		4706DF592188F67B00F60DB2 /* RAMCard.m in Sources */ = {isa = PBXBuildFile; fileRef = 4706DF582188F67B00F60DB2 /* RAMCard.m */; };
		4706DF5C2189007D00F60DB2 /* RAMCardController.m in Sources */ = {isa = PBXBuildFile; fileRef = 4706DF5B2189007D00F60DB2 /* RAMCardController.m */; };
		4706DF62218929F900F60DB2 /* RAMCardViewController.m in Sources */ = {isa = PBXBuildFile; fileRef = 4706DF61218929F900F60DB2 /* RAMCardViewController.m */; };
/* End PBXBuildFile section */

/* Begin PBXFileReference section */
		4706DF382188EFC400F60DB2 /* DeckOfCards-ObjectiveC-iOS22.app */ = {isa = PBXFileReference; explicitFileType = wrapper.application; includeInIndex = 0; path = "DeckOfCards-ObjectiveC-iOS22.app"; sourceTree = BUILT_PRODUCTS_DIR; };
		4706DF3B2188EFC400F60DB2 /* AppDelegate.h */ = {isa = PBXFileReference; lastKnownFileType = sourcecode.c.h; path = AppDelegate.h; sourceTree = "<group>"; };
		4706DF3C2188EFC400F60DB2 /* AppDelegate.m */ = {isa = PBXFileReference; lastKnownFileType = sourcecode.c.objc; path = AppDelegate.m; sourceTree = "<group>"; };
		4706DF422188EFC400F60DB2 /* Base */ = {isa = PBXFileReference; lastKnownFileType = file.storyboard; name = Base; path = Base.lproj/Main.storyboard; sourceTree = "<group>"; };
		4706DF442188EFC500F60DB2 /* Assets.xcassets */ = {isa = PBXFileReference; lastKnownFileType = folder.assetcatalog; path = Assets.xcassets; sourceTree = "<group>"; };
		4706DF472188EFC500F60DB2 /* Base */ = {isa = PBXFileReference; lastKnownFileType = file.storyboard; name = Base; path = Base.lproj/LaunchScreen.storyboard; sourceTree = "<group>"; };
		4706DF492188EFC500F60DB2 /* Info.plist */ = {isa = PBXFileReference; lastKnownFileType = text.plist.xml; path = Info.plist; sourceTree = "<group>"; };
		4706DF4A2188EFC500F60DB2 /* main.m */ = {isa = PBXFileReference; lastKnownFileType = sourcecode.c.objc; path = main.m; sourceTree = "<group>"; };
		4706DF572188F67B00F60DB2 /* RAMCard.h */ = {isa = PBXFileReference; lastKnownFileType = sourcecode.c.h; path = RAMCard.h; sourceTree = "<group>"; };
		4706DF582188F67B00F60DB2 /* RAMCard.m */ = {isa = PBXFileReference; lastKnownFileType = sourcecode.c.objc; path = RAMCard.m; sourceTree = "<group>"; };
		4706DF5A2189007D00F60DB2 /* RAMCardController.h */ = {isa = PBXFileReference; lastKnownFileType = sourcecode.c.h; path = RAMCardController.h; sourceTree = "<group>"; };
		4706DF5B2189007D00F60DB2 /* RAMCardController.m */ = {isa = PBXFileReference; lastKnownFileType = sourcecode.c.objc; path = RAMCardController.m; sourceTree = "<group>"; };
		4706DF60218929F900F60DB2 /* RAMCardViewController.h */ = {isa = PBXFileReference; lastKnownFileType = sourcecode.c.h; path = RAMCardViewController.h; sourceTree = "<group>"; };
		4706DF61218929F900F60DB2 /* RAMCardViewController.m */ = {isa = PBXFileReference; lastKnownFileType = sourcecode.c.objc; path = RAMCardViewController.m; sourceTree = "<group>"; };
/* End PBXFileReference section */

/* Begin PBXFrameworksBuildPhase section */
		4706DF352188EFC400F60DB2 /* Frameworks */ = {
			isa = PBXFrameworksBuildPhase;
			buildActionMask = 2147483647;
			files = (
			);
			runOnlyForDeploymentPostprocessing = 0;
		};
/* End PBXFrameworksBuildPhase section */

/* Begin PBXGroup section */
		4706DF2F2188EFC400F60DB2 = {
			isa = PBXGroup;
			children = (
				4706DF3A2188EFC400F60DB2 /* DeckOfCards-ObjectiveC-iOS22 */,
				4706DF392188EFC400F60DB2 /* Products */,
			);
			sourceTree = "<group>";
		};
		4706DF392188EFC400F60DB2 /* Products */ = {
			isa = PBXGroup;
			children = (
				4706DF382188EFC400F60DB2 /* DeckOfCards-ObjectiveC-iOS22.app */,
			);
			name = Products;
			sourceTree = "<group>";
		};
		4706DF3A2188EFC400F60DB2 /* DeckOfCards-ObjectiveC-iOS22 */ = {
			isa = PBXGroup;
			children = (
				4706DF552188F25200F60DB2 /* ViewController */,
				4706DF542188F25000F60DB2 /* ModelController */,
				4706DF532188F24E00F60DB2 /* Model */,
				4706DF522188F24B00F60DB2 /* UI */,
				4706DF512188F24800F60DB2 /* Resources */,
			);
			path = "DeckOfCards-ObjectiveC-iOS22";
			sourceTree = "<group>";
		};
		4706DF512188F24800F60DB2 /* Resources */ = {
			isa = PBXGroup;
			children = (
				4706DF3B2188EFC400F60DB2 /* AppDelegate.h */,
				4706DF3C2188EFC400F60DB2 /* AppDelegate.m */,
				4706DF442188EFC500F60DB2 /* Assets.xcassets */,
				4706DF492188EFC500F60DB2 /* Info.plist */,
				4706DF4A2188EFC500F60DB2 /* main.m */,
			);
			path = Resources;
			sourceTree = "<group>";
		};
		4706DF522188F24B00F60DB2 /* UI */ = {
			isa = PBXGroup;
			children = (
				4706DF412188EFC400F60DB2 /* Main.storyboard */,
				4706DF462188EFC500F60DB2 /* LaunchScreen.storyboard */,
			);
			path = UI;
			sourceTree = "<group>";
		};
		4706DF532188F24E00F60DB2 /* Model */ = {
			isa = PBXGroup;
			children = (
				4706DF572188F67B00F60DB2 /* RAMCard.h */,
				4706DF582188F67B00F60DB2 /* RAMCard.m */,
			);
			path = Model;
			sourceTree = "<group>";
		};
		4706DF542188F25000F60DB2 /* ModelController */ = {
			isa = PBXGroup;
			children = (
				4706DF5A2189007D00F60DB2 /* RAMCardController.h */,
				4706DF5B2189007D00F60DB2 /* RAMCardController.m */,
			);
			path = ModelController;
			sourceTree = "<group>";
		};
		4706DF552188F25200F60DB2 /* ViewController */ = {
			isa = PBXGroup;
			children = (
				4706DF60218929F900F60DB2 /* RAMCardViewController.h */,
				4706DF61218929F900F60DB2 /* RAMCardViewController.m */,
			);
			path = ViewController;
			sourceTree = "<group>";
		};
/* End PBXGroup section */

/* Begin PBXNativeTarget section */
		4706DF372188EFC400F60DB2 /* DeckOfCards-ObjectiveC-iOS22 */ = {
			isa = PBXNativeTarget;
			buildConfigurationList = 4706DF4E2188EFC500F60DB2 /* Build configuration list for PBXNativeTarget "DeckOfCards-ObjectiveC-iOS22" */;
			buildPhases = (
				4706DF342188EFC400F60DB2 /* Sources */,
				4706DF352188EFC400F60DB2 /* Frameworks */,
				4706DF362188EFC400F60DB2 /* Resources */,
			);
			buildRules = (
			);
			dependencies = (
			);
			name = "DeckOfCards-ObjectiveC-iOS22";
			productName = "DeckOfCards-ObjectiveC-iOS22";
			productReference = 4706DF382188EFC400F60DB2 /* DeckOfCards-ObjectiveC-iOS22.app */;
			productType = "com.apple.product-type.application";
		};
/* End PBXNativeTarget section */

/* Begin PBXProject section */
		4706DF302188EFC400F60DB2 /* Project object */ = {
			isa = PBXProject;
			attributes = {
				CLASSPREFIX = RAM;
				LastUpgradeCheck = 1000;
				ORGANIZATIONNAME = ramcomw;
				TargetAttributes = {
					4706DF372188EFC400F60DB2 = {
						CreatedOnToolsVersion = 10.0;
					};
				};
			};
			buildConfigurationList = 4706DF332188EFC400F60DB2 /* Build configuration list for PBXProject "DeckOfCards-ObjectiveC-iOS22" */;
			compatibilityVersion = "Xcode 9.3";
			developmentRegion = en;
			hasScannedForEncodings = 0;
			knownRegions = (
				en,
				Base,
			);
			mainGroup = 4706DF2F2188EFC400F60DB2;
			productRefGroup = 4706DF392188EFC400F60DB2 /* Products */;
			projectDirPath = "";
			projectRoot = "";
			targets = (
				4706DF372188EFC400F60DB2 /* DeckOfCards-ObjectiveC-iOS22 */,
			);
		};
/* End PBXProject section */

/* Begin PBXResourcesBuildPhase section */
		4706DF362188EFC400F60DB2 /* Resources */ = {
			isa = PBXResourcesBuildPhase;
			buildActionMask = 2147483647;
			files = (
				4706DF482188EFC500F60DB2 /* LaunchScreen.storyboard in Resources */,
				4706DF452188EFC500F60DB2 /* Assets.xcassets in Resources */,
				4706DF432188EFC400F60DB2 /* Main.storyboard in Resources */,
			);
			runOnlyForDeploymentPostprocessing = 0;
		};
/* End PBXResourcesBuildPhase section */

/* Begin PBXSourcesBuildPhase section */
		4706DF342188EFC400F60DB2 /* Sources */ = {
			isa = PBXSourcesBuildPhase;
			buildActionMask = 2147483647;
			files = (
				4706DF62218929F900F60DB2 /* RAMCardViewController.m in Sources */,
				4706DF592188F67B00F60DB2 /* RAMCard.m in Sources */,
				4706DF4B2188EFC500F60DB2 /* main.m in Sources */,
				4706DF5C2189007D00F60DB2 /* RAMCardController.m in Sources */,
				4706DF3D2188EFC400F60DB2 /* AppDelegate.m in Sources */,
			);
			runOnlyForDeploymentPostprocessing = 0;
		};
/* End PBXSourcesBuildPhase section */

/* Begin PBXVariantGroup section */
		4706DF412188EFC400F60DB2 /* Main.storyboard */ = {
			isa = PBXVariantGroup;
			children = (
				4706DF422188EFC400F60DB2 /* Base */,
			);
			name = Main.storyboard;
			sourceTree = "<group>";
		};
		4706DF462188EFC500F60DB2 /* LaunchScreen.storyboard */ = {
			isa = PBXVariantGroup;
			children = (
				4706DF472188EFC500F60DB2 /* Base */,
			);
			name = LaunchScreen.storyboard;
			sourceTree = "<group>";
		};
/* End PBXVariantGroup section */

/* Begin XCBuildConfiguration section */
		4706DF4C2188EFC500F60DB2 /* Debug */ = {
			isa = XCBuildConfiguration;
			buildSettings = {
				ALWAYS_SEARCH_USER_PATHS = NO;
				CLANG_ANALYZER_NONNULL = YES;
				CLANG_ANALYZER_NUMBER_OBJECT_CONVERSION = YES_AGGRESSIVE;
				CLANG_CXX_LANGUAGE_STANDARD = "gnu++14";
				CLANG_CXX_LIBRARY = "libc++";
				CLANG_ENABLE_MODULES = YES;
				CLANG_ENABLE_OBJC_ARC = YES;
				CLANG_ENABLE_OBJC_WEAK = YES;
				CLANG_WARN_BLOCK_CAPTURE_AUTORELEASING = YES;
				CLANG_WARN_BOOL_CONVERSION = YES;
				CLANG_WARN_COMMA = YES;
				CLANG_WARN_CONSTANT_CONVERSION = YES;
				CLANG_WARN_DEPRECATED_OBJC_IMPLEMENTATIONS = YES;
				CLANG_WARN_DIRECT_OBJC_ISA_USAGE = YES_ERROR;
				CLANG_WARN_DOCUMENTATION_COMMENTS = YES;
				CLANG_WARN_EMPTY_BODY = YES;
				CLANG_WARN_ENUM_CONVERSION = YES;
				CLANG_WARN_INFINITE_RECURSION = YES;
				CLANG_WARN_INT_CONVERSION = YES;
				CLANG_WARN_NON_LITERAL_NULL_CONVERSION = YES;
				CLANG_WARN_OBJC_IMPLICIT_RETAIN_SELF = YES;
				CLANG_WARN_OBJC_LITERAL_CONVERSION = YES;
				CLANG_WARN_OBJC_ROOT_CLASS = YES_ERROR;
				CLANG_WARN_RANGE_LOOP_ANALYSIS = YES;
				CLANG_WARN_STRICT_PROTOTYPES = YES;
				CLANG_WARN_SUSPICIOUS_MOVE = YES;
				CLANG_WARN_UNGUARDED_AVAILABILITY = YES_AGGRESSIVE;
				CLANG_WARN_UNREACHABLE_CODE = YES;
				CLANG_WARN__DUPLICATE_METHOD_MATCH = YES;
				CODE_SIGN_IDENTITY = "iPhone Developer";
				COPY_PHASE_STRIP = NO;
				DEBUG_INFORMATION_FORMAT = dwarf;
				ENABLE_STRICT_OBJC_MSGSEND = YES;
				ENABLE_TESTABILITY = YES;
				GCC_C_LANGUAGE_STANDARD = gnu11;
				GCC_DYNAMIC_NO_PIC = NO;
				GCC_NO_COMMON_BLOCKS = YES;
				GCC_OPTIMIZATION_LEVEL = 0;
				GCC_PREPROCESSOR_DEFINITIONS = (
					"DEBUG=1",
					"$(inherited)",
				);
				GCC_WARN_64_TO_32_BIT_CONVERSION = YES;
				GCC_WARN_ABOUT_RETURN_TYPE = YES_ERROR;
				GCC_WARN_UNDECLARED_SELECTOR = YES;
				GCC_WARN_UNINITIALIZED_AUTOS = YES_AGGRESSIVE;
				GCC_WARN_UNUSED_FUNCTION = YES;
				GCC_WARN_UNUSED_VARIABLE = YES;
				IPHONEOS_DEPLOYMENT_TARGET = 12.0;
				MTL_ENABLE_DEBUG_INFO = INCLUDE_SOURCE;
				MTL_FAST_MATH = YES;
				ONLY_ACTIVE_ARCH = YES;
				SDKROOT = iphoneos;
			};
			name = Debug;
		};
		4706DF4D2188EFC500F60DB2 /* Release */ = {
			isa = XCBuildConfiguration;
			buildSettings = {
				ALWAYS_SEARCH_USER_PATHS = NO;
				CLANG_ANALYZER_NONNULL = YES;
				CLANG_ANALYZER_NUMBER_OBJECT_CONVERSION = YES_AGGRESSIVE;
				CLANG_CXX_LANGUAGE_STANDARD = "gnu++14";
				CLANG_CXX_LIBRARY = "libc++";
				CLANG_ENABLE_MODULES = YES;
				CLANG_ENABLE_OBJC_ARC = YES;
				CLANG_ENABLE_OBJC_WEAK = YES;
				CLANG_WARN_BLOCK_CAPTURE_AUTORELEASING = YES;
				CLANG_WARN_BOOL_CONVERSION = YES;
				CLANG_WARN_COMMA = YES;
				CLANG_WARN_CONSTANT_CONVERSION = YES;
				CLANG_WARN_DEPRECATED_OBJC_IMPLEMENTATIONS = YES;
				CLANG_WARN_DIRECT_OBJC_ISA_USAGE = YES_ERROR;
				CLANG_WARN_DOCUMENTATION_COMMENTS = YES;
				CLANG_WARN_EMPTY_BODY = YES;
				CLANG_WARN_ENUM_CONVERSION = YES;
				CLANG_WARN_INFINITE_RECURSION = YES;
				CLANG_WARN_INT_CONVERSION = YES;
				CLANG_WARN_NON_LITERAL_NULL_CONVERSION = YES;
				CLANG_WARN_OBJC_IMPLICIT_RETAIN_SELF = YES;
				CLANG_WARN_OBJC_LITERAL_CONVERSION = YES;
				CLANG_WARN_OBJC_ROOT_CLASS = YES_ERROR;
				CLANG_WARN_RANGE_LOOP_ANALYSIS = YES;
				CLANG_WARN_STRICT_PROTOTYPES = YES;
				CLANG_WARN_SUSPICIOUS_MOVE = YES;
				CLANG_WARN_UNGUARDED_AVAILABILITY = YES_AGGRESSIVE;
				CLANG_WARN_UNREACHABLE_CODE = YES;
				CLANG_WARN__DUPLICATE_METHOD_MATCH = YES;
				CODE_SIGN_IDENTITY = "iPhone Developer";
				COPY_PHASE_STRIP = NO;
				DEBUG_INFORMATION_FORMAT = "dwarf-with-dsym";
				ENABLE_NS_ASSERTIONS = NO;
				ENABLE_STRICT_OBJC_MSGSEND = YES;
				GCC_C_LANGUAGE_STANDARD = gnu11;
				GCC_NO_COMMON_BLOCKS = YES;
				GCC_WARN_64_TO_32_BIT_CONVERSION = YES;
				GCC_WARN_ABOUT_RETURN_TYPE = YES_ERROR;
				GCC_WARN_UNDECLARED_SELECTOR = YES;
				GCC_WARN_UNINITIALIZED_AUTOS = YES_AGGRESSIVE;
				GCC_WARN_UNUSED_FUNCTION = YES;
				GCC_WARN_UNUSED_VARIABLE = YES;
				IPHONEOS_DEPLOYMENT_TARGET = 12.0;
				MTL_ENABLE_DEBUG_INFO = NO;
				MTL_FAST_MATH = YES;
				SDKROOT = iphoneos;
				VALIDATE_PRODUCT = YES;
			};
			name = Release;
		};
		4706DF4F2188EFC500F60DB2 /* Debug */ = {
			isa = XCBuildConfiguration;
			buildSettings = {
				ASSETCATALOG_COMPILER_APPICON_NAME = AppIcon;
				CODE_SIGN_STYLE = Automatic;
				DEVELOPMENT_TEAM = L7AYJDAX2C;
				INFOPLIST_FILE = "$(SRCROOT)/DeckOfCards-ObjectiveC-iOS22/Resources/Info.plist";
				LD_RUNPATH_SEARCH_PATHS = (
					"$(inherited)",
					"@executable_path/Frameworks",
				);
				PRODUCT_BUNDLE_IDENTIFIER = "com.ramcomw.i2v.DeckOfCards-ObjectiveC-iOS22";
				PRODUCT_NAME = "$(TARGET_NAME)";
				TARGETED_DEVICE_FAMILY = "1,2";
			};
			name = Debug;
		};
		4706DF502188EFC500F60DB2 /* Release */ = {
			isa = XCBuildConfiguration;
			buildSettings = {
				ASSETCATALOG_COMPILER_APPICON_NAME = AppIcon;
				CODE_SIGN_STYLE = Automatic;
				DEVELOPMENT_TEAM = L7AYJDAX2C;
				INFOPLIST_FILE = "$(SRCROOT)/DeckOfCards-ObjectiveC-iOS22/Resources/Info.plist";
				LD_RUNPATH_SEARCH_PATHS = (
					"$(inherited)",
					"@executable_path/Frameworks",
				);
				PRODUCT_BUNDLE_IDENTIFIER = "com.ramcomw.i2v.DeckOfCards-ObjectiveC-iOS22";
				PRODUCT_NAME = "$(TARGET_NAME)";
				TARGETED_DEVICE_FAMILY = "1,2";
			};
			name = Release;
		};
/* End XCBuildConfiguration section */

/* Begin XCConfigurationList section */
		4706DF332188EFC400F60DB2 /* Build configuration list for PBXProject "DeckOfCards-ObjectiveC-iOS22" */ = {
			isa = XCConfigurationList;
			buildConfigurations = (
				4706DF4C2188EFC500F60DB2 /* Debug */,
				4706DF4D2188EFC500F60DB2 /* Release */,
			);
			defaultConfigurationIsVisible = 0;
			defaultConfigurationName = Release;
		};
		4706DF4E2188EFC500F60DB2 /* Build configuration list for PBXNativeTarget "DeckOfCards-ObjectiveC-iOS22" */ = {
			isa = XCConfigurationList;
			buildConfigurations = (
				4706DF4F2188EFC500F60DB2 /* Debug */,
				4706DF502188EFC500F60DB2 /* Release */,
			);
			defaultConfigurationIsVisible = 0;
			defaultConfigurationName = Release;
		};
/* End XCConfigurationList section */
	};
	rootObject = 4706DF302188EFC400F60DB2 /* Project object */;
}
